
Microsoft Visual Studio Solution File, Format Version 12.00
# Visual Studio 2015
Project("{FAE04EC0-301F-11D3-BF4B-00C04F79EFBC}") = "PushDaBallz.CSharp", "PushDaBallz.CSharp.csproj", "{C20225B5-90B2-5C85-A6AC-E216B31F2E21}"
EndProject
Global
	GlobalSection(SolutionConfigurationPlatforms) = preSolution
		Debug|Any CPU = Debug|Any CPU
		Release|Any CPU = Release|Any CPU
	EndGlobalSection
	GlobalSection(ProjectConfigurationPlatforms) = postSolution
		{C20225B5-90B2-5C85-A6AC-E216B31F2E21}.Debug|Any CPU.ActiveCfg = Debug|Any CPU
		{C20225B5-90B2-5C85-A6AC-E216B31F2E21}.Debug|Any CPU.Build.0 = Debug|Any CPU
		{C20225B5-90B2-5C85-A6AC-E216B31F2E21}.Release|Any CPU.ActiveCfg = Release|Any CPU
		{C20225B5-90B2-5C85-A6AC-E216B31F2E21}.Release|Any CPU.Build.0 = Release|Any CPU
	EndGlobalSection
	GlobalSection(SolutionProperties) = preSolution
		HideSolutionNode = FALSE
	EndGlobalSection
EndGlobal
